{
  "name": "gentor",
  "version": "1.0.0",
  "lockfileVersion": 3,
  "requires": true,
  "packages": {
    "": {
      "name": "gentor",
      "version": "1.0.0",
      "license": "ISC",
      "dependencies": {
        "bencode": "^0.8.0",
        "bencode-js": "^0.0.8",
        "bignumber.js": "^9.1.2"
      }
    },
    "node_modules/bencode": {
      "version": "0.8.0",
      "resolved": "https://registry.npmjs.org/bencode/-/bencode-0.8.0.tgz",
      "integrity": "sha512-MWs3FqaWOGg5l+quIT9JTx7+SlcMbfPqqpWy+GOYi5rjZkX8i03tkNhAQn3pD2GAKENPpP3ScUR97ZUMffhHZA=="
    },
    "node_modules/bencode-js": {
      "version": "0.0.8",
      "resolved": "https://registry.npmjs.org/bencode-js/-/bencode-js-0.0.8.tgz",
      "integrity": "sha512-D1wYF4KCNuO6H2vS2/tSJxqWtO4gsTrPSr95G/4v5VjrjS3rwBhkqVs3lJOisv9PXFdlWmxVNWCCfyU414z6pQ=="
    },
    "node_modules/bignumber.js": {
      "version": "9.1.2",
      "resolved": "https://registry.npmjs.org/bignumber.js/-/bignumber.js-9.1.2.tgz",
      "integrity": "sha512-2/mKyZH9K85bzOEfhXDBFZTGd1CTs+5IHpeFQo9luiBG7hghdC851Pj2WAhb6E3R6b9tZj/XKhbg4fum+Kepug==",
      "engines": {
        "node": "*"
      }
    }
  }
}
